
Microsoft Visual Studio Solution File, Format Version 12.00
# Visual Studio Version 17
VisualStudioVersion = 17.5.33516.290
MinimumVisualStudioVersion = 10.0.40219.1
Project("{FAE04EC0-301F-11D3-BF4B-00C04F79EFBC}") = "Crud", "Crud\Crud.csproj", "{053BDD4B-08EA-48FB-A5B3-8B697B9620BF}"
EndProject
Global
	GlobalSection(SolutionConfigurationPlatforms) = preSolution
		Debug|Any CPU = Debug|Any CPU
		Release|Any CPU = Release|Any CPU
	EndGlobalSection
	GlobalSection(ProjectConfigurationPlatforms) = postSolution
		{053BDD4B-08EA-48FB-A5B3-8B697B9620BF}.Debug|Any CPU.ActiveCfg = Debug|Any CPU
		{053BDD4B-08EA-48FB-A5B3-8B697B9620BF}.Debug|Any CPU.Build.0 = Debug|Any CPU
		{053BDD4B-08EA-48FB-A5B3-8B697B9620BF}.Release|Any CPU.ActiveCfg = Release|Any CPU
		{053BDD4B-08EA-48FB-A5B3-8B697B9620BF}.Release|Any CPU.Build.0 = Release|Any CPU
	EndGlobalSection
	GlobalSection(SolutionProperties) = preSolution
		HideSolutionNode = FALSE
	EndGlobalSection
	GlobalSection(ExtensibilityGlobals) = postSolution
		SolutionGuid = {B7DA71FD-2EC9-4636-9F66-B6463635F794}
	EndGlobalSection
EndGlobal
